
Microsoft Visual Studio Solution File, Format Version 12.00
# Visual Studio Version 17
VisualStudioVersion = 17.7.34009.444
MinimumVisualStudioVersion = 10.0.40219.1
Project("{FAE04EC0-301F-11D3-BF4B-00C04F79EFBC}") = "praktika1", "praktika1\praktika1.csproj", "{E8BA2F5E-05A3-4874-AB4A-6FBD4F92B23B}"
EndProject
Global
	GlobalSection(SolutionConfigurationPlatforms) = preSolution
		Debug|Any CPU = Debug|Any CPU
		Release|Any CPU = Release|Any CPU
	EndGlobalSection
	GlobalSection(ProjectConfigurationPlatforms) = postSolution
		{E8BA2F5E-05A3-4874-AB4A-6FBD4F92B23B}.Debug|Any CPU.ActiveCfg = Debug|Any CPU
		{E8BA2F5E-05A3-4874-AB4A-6FBD4F92B23B}.Debug|Any CPU.Build.0 = Debug|Any CPU
		{E8BA2F5E-05A3-4874-AB4A-6FBD4F92B23B}.Release|Any CPU.ActiveCfg = Release|Any CPU
		{E8BA2F5E-05A3-4874-AB4A-6FBD4F92B23B}.Release|Any CPU.Build.0 = Release|Any CPU
	EndGlobalSection
	GlobalSection(SolutionProperties) = preSolution
		HideSolutionNode = FALSE
	EndGlobalSection
	GlobalSection(ExtensibilityGlobals) = postSolution
		SolutionGuid = {D9ECCD53-8E24-4E85-990F-73C7694B26AE}
	EndGlobalSection
EndGlobal
